// !$*UTF8*$!
{
	archiveVersion = 1;
	classes = {
	};
	objectVersion = 56;
	objects = {

/* Begin PBXBuildFile section */
		C6991E852A840616003A5EBA /* SwiftDataCourseApp.swift in Sources */ = {isa = PBXBuildFile; fileRef = C6991E842A840616003A5EBA /* SwiftDataCourseApp.swift */; };
		C6991E892A840619003A5EBA /* Assets.xcassets in Resources */ = {isa = PBXBuildFile; fileRef = C6991E882A840619003A5EBA /* Assets.xcassets */; };
		C6991E8C2A840619003A5EBA /* Preview Assets.xcassets in Resources */ = {isa = PBXBuildFile; fileRef = C6991E8B2A840619003A5EBA /* Preview Assets.xcassets */; };
		C6991E942A840653003A5EBA /* Movie.swift in Sources */ = {isa = PBXBuildFile; fileRef = C6991E932A840653003A5EBA /* Movie.swift */; };
		C6991E972A840832003A5EBA /* AddMovieScreen.swift in Sources */ = {isa = PBXBuildFile; fileRef = C6991E962A840832003A5EBA /* AddMovieScreen.swift */; };
		C6991E9A2A84091A003A5EBA /* String+Extension.swift in Sources */ = {isa = PBXBuildFile; fileRef = C6991E992A84091A003A5EBA /* String+Extension.swift */; };
		C6A014552A840F420092E062 /* MovieListScreen.swift in Sources */ = {isa = PBXBuildFile; fileRef = C6A014542A840F420092E062 /* MovieListScreen.swift */; };
		C6A014582A841A990092E062 /* MovieListView.swift in Sources */ = {isa = PBXBuildFile; fileRef = C6A014572A841A990092E062 /* MovieListView.swift */; };
/* End PBXBuildFile section */

/* Begin PBXFileReference section */
		C6991E812A840616003A5EBA /* SwiftDataCourse.app */ = {isa = PBXFileReference; explicitFileType = wrapper.application; includeInIndex = 0; path = SwiftDataCourse.app; sourceTree = BUILT_PRODUCTS_DIR; };
		C6991E842A840616003A5EBA /* SwiftDataCourseApp.swift */ = {isa = PBXFileReference; lastKnownFileType = sourcecode.swift; path = SwiftDataCourseApp.swift; sourceTree = "<group>"; };
		C6991E882A840619003A5EBA /* Assets.xcassets */ = {isa = PBXFileReference; lastKnownFileType = folder.assetcatalog; path = Assets.xcassets; sourceTree = "<group>"; };
		C6991E8B2A840619003A5EBA /* Preview Assets.xcassets */ = {isa = PBXFileReference; lastKnownFileType = folder.assetcatalog; path = "Preview Assets.xcassets"; sourceTree = "<group>"; };
		C6991E932A840653003A5EBA /* Movie.swift */ = {isa = PBXFileReference; lastKnownFileType = sourcecode.swift; path = Movie.swift; sourceTree = "<group>"; };
		C6991E962A840832003A5EBA /* AddMovieScreen.swift */ = {isa = PBXFileReference; lastKnownFileType = sourcecode.swift; path = AddMovieScreen.swift; sourceTree = "<group>"; };
		C6991E992A84091A003A5EBA /* String+Extension.swift */ = {isa = PBXFileReference; lastKnownFileType = sourcecode.swift; path = "String+Extension.swift"; sourceTree = "<group>"; };
		C6A014542A840F420092E062 /* MovieListScreen.swift */ = {isa = PBXFileReference; lastKnownFileType = sourcecode.swift; path = MovieListScreen.swift; sourceTree = "<group>"; };
		C6A014572A841A990092E062 /* MovieListView.swift */ = {isa = PBXFileReference; lastKnownFileType = sourcecode.swift; path = MovieListView.swift; sourceTree = "<group>"; };
/* End PBXFileReference section */

/* Begin PBXFrameworksBuildPhase section */
		C6991E7E2A840616003A5EBA /* Frameworks */ = {
			isa = PBXFrameworksBuildPhase;
			buildActionMask = 2147483647;
			files = (
			);
			runOnlyForDeploymentPostprocessing = 0;
		};
/* End PBXFrameworksBuildPhase section */

/* Begin PBXGroup section */
		C6991E782A840616003A5EBA = {
			isa = PBXGroup;
			children = (
				C6991E832A840616003A5EBA /* SwiftDataCourse */,
				C6991E822A840616003A5EBA /* Products */,
			);
			sourceTree = "<group>";
		};
		C6991E822A840616003A5EBA /* Products */ = {
			isa = PBXGroup;
			children = (
				C6991E812A840616003A5EBA /* SwiftDataCourse.app */,
			);
			name = Products;
			sourceTree = "<group>";
		};
		C6991E832A840616003A5EBA /* SwiftDataCourse */ = {
			isa = PBXGroup;
			children = (
				C6991E982A84090D003A5EBA /* Extensions */,
				C6991E922A840637003A5EBA /* Models */,
				C6991E952A840823003A5EBA /* Screens */,
				C6A014562A841A800092E062 /* Views */,
				C6991E842A840616003A5EBA /* SwiftDataCourseApp.swift */,
				C6991E882A840619003A5EBA /* Assets.xcassets */,
				C6991E8A2A840619003A5EBA /* Preview Content */,
			);
			path = SwiftDataCourse;
			sourceTree = "<group>";
		};
		C6991E8A2A840619003A5EBA /* Preview Content */ = {
			isa = PBXGroup;
			children = (
				C6991E8B2A840619003A5EBA /* Preview Assets.xcassets */,
			);
			path = "Preview Content";
			sourceTree = "<group>";
		};
		C6991E922A840637003A5EBA /* Models */ = {
			isa = PBXGroup;
			children = (
				C6991E932A840653003A5EBA /* Movie.swift */,
			);
			path = Models;
			sourceTree = "<group>";
		};
		C6991E952A840823003A5EBA /* Screens */ = {
			isa = PBXGroup;
			children = (
				C6991E962A840832003A5EBA /* AddMovieScreen.swift */,
				C6A014542A840F420092E062 /* MovieListScreen.swift */,
			);
			path = Screens;
			sourceTree = "<group>";
		};
		C6991E982A84090D003A5EBA /* Extensions */ = {
			isa = PBXGroup;
			children = (
				C6991E992A84091A003A5EBA /* String+Extension.swift */,
			);
			path = Extensions;
			sourceTree = "<group>";
		};
		C6A014562A841A800092E062 /* Views */ = {
			isa = PBXGroup;
			children = (
				C6A014572A841A990092E062 /* MovieListView.swift */,
			);
			path = Views;
			sourceTree = "<group>";
		};
/* End PBXGroup section */

/* Begin PBXNativeTarget section */
		C6991E802A840616003A5EBA /* SwiftDataCourse */ = {
			isa = PBXNativeTarget;
			buildConfigurationList = C6991E8F2A840619003A5EBA /* Build configuration list for PBXNativeTarget "SwiftDataCourse" */;
			buildPhases = (
				C6991E7D2A840616003A5EBA /* Sources */,
				C6991E7E2A840616003A5EBA /* Frameworks */,
				C6991E7F2A840616003A5EBA /* Resources */,
			);
			buildRules = (
			);
			dependencies = (
			);
			name = SwiftDataCourse;
			productName = SwiftDataCourse;
			productReference = C6991E812A840616003A5EBA /* SwiftDataCourse.app */;
			productType = "com.apple.product-type.application";
		};
/* End PBXNativeTarget section */

/* Begin PBXProject section */
		C6991E792A840616003A5EBA /* Project object */ = {
			isa = PBXProject;
			attributes = {
				BuildIndependentTargetsInParallel = 1;
				LastSwiftUpdateCheck = 1500;
				LastUpgradeCheck = 1500;
				TargetAttributes = {
					C6991E802A840616003A5EBA = {
						CreatedOnToolsVersion = 15.0;
					};
				};
			};
			buildConfigurationList = C6991E7C2A840616003A5EBA /* Build configuration list for PBXProject "SwiftDataCourse" */;
			compatibilityVersion = "Xcode 14.0";
			developmentRegion = en;
			hasScannedForEncodings = 0;
			knownRegions = (
				en,
				Base,
			);
			mainGroup = C6991E782A840616003A5EBA;
			productRefGroup = C6991E822A840616003A5EBA /* Products */;
			projectDirPath = "";
			projectRoot = "";
			targets = (
				C6991E802A840616003A5EBA /* SwiftDataCourse */,
			);
		};
/* End PBXProject section */

/* Begin PBXResourcesBuildPhase section */
		C6991E7F2A840616003A5EBA /* Resources */ = {
			isa = PBXResourcesBuildPhase;
			buildActionMask = 2147483647;
			files = (
				C6991E8C2A840619003A5EBA /* Preview Assets.xcassets in Resources */,
				C6991E892A840619003A5EBA /* Assets.xcassets in Resources */,
			);
			runOnlyForDeploymentPostprocessing = 0;
		};
/* End PBXResourcesBuildPhase section */

/* Begin PBXSourcesBuildPhase section */
		C6991E7D2A840616003A5EBA /* Sources */ = {
			isa = PBXSourcesBuildPhase;
			buildActionMask = 2147483647;
			files = (
				C6991E972A840832003A5EBA /* AddMovieScreen.swift in Sources */,
				C6A014552A840F420092E062 /* MovieListScreen.swift in Sources */,
				C6991E852A840616003A5EBA /* SwiftDataCourseApp.swift in Sources */,
				C6991E9A2A84091A003A5EBA /* String+Extension.swift in Sources */,
				C6991E942A840653003A5EBA /* Movie.swift in Sources */,
				C6A014582A841A990092E062 /* MovieListView.swift in Sources */,
			);
			runOnlyForDeploymentPostprocessing = 0;
		};
/* End PBXSourcesBuildPhase section */

/* Begin XCBuildConfiguration section */
		C6991E8D2A840619003A5EBA /* Debug */ = {
			isa = XCBuildConfiguration;
			buildSettings = {
				ALWAYS_SEARCH_USER_PATHS = NO;
				ASSETCATALOG_COMPILER_GENERATE_SWIFT_ASSET_SYMBOL_EXTENSIONS = YES;
				CLANG_ANALYZER_NONNULL = YES;
				CLANG_ANALYZER_NUMBER_OBJECT_CONVERSION = YES_AGGRESSIVE;
				CLANG_CXX_LANGUAGE_STANDARD = "gnu++20";
				CLANG_ENABLE_MODULES = YES;
				CLANG_ENABLE_OBJC_ARC = YES;
				CLANG_ENABLE_OBJC_WEAK = YES;
				CLANG_WARN_BLOCK_CAPTURE_AUTORELEASING = YES;
				CLANG_WARN_BOOL_CONVERSION = YES;
				CLANG_WARN_COMMA = YES;
				CLANG_WARN_CONSTANT_CONVERSION = YES;
				CLANG_WARN_DEPRECATED_OBJC_IMPLEMENTATIONS = YES;
				CLANG_WARN_DIRECT_OBJC_ISA_USAGE = YES_ERROR;
				CLANG_WARN_DOCUMENTATION_COMMENTS = YES;
				CLANG_WARN_EMPTY_BODY = YES;
				CLANG_WARN_ENUM_CONVERSION = YES;
				CLANG_WARN_INFINITE_RECURSION = YES;
				CLANG_WARN_INT_CONVERSION = YES;
				CLANG_WARN_NON_LITERAL_NULL_CONVERSION = YES;
				CLANG_WARN_OBJC_IMPLICIT_RETAIN_SELF = YES;
				CLANG_WARN_OBJC_LITERAL_CONVERSION = YES;
				CLANG_WARN_OBJC_ROOT_CLASS = YES_ERROR;
				CLANG_WARN_QUOTED_INCLUDE_IN_FRAMEWORK_HEADER = YES;
				CLANG_WARN_RANGE_LOOP_ANALYSIS = YES;
				CLANG_WARN_STRICT_PROTOTYPES = YES;
				CLANG_WARN_SUSPICIOUS_MOVE = YES;
				CLANG_WARN_UNGUARDED_AVAILABILITY = YES_AGGRESSIVE;
				CLANG_WARN_UNREACHABLE_CODE = YES;
				CLANG_WARN__DUPLICATE_METHOD_MATCH = YES;
				COPY_PHASE_STRIP = NO;
				DEBUG_INFORMATION_FORMAT = dwarf;
				ENABLE_STRICT_OBJC_MSGSEND = YES;
				ENABLE_TESTABILITY = YES;
				ENABLE_USER_SCRIPT_SANDBOXING = YES;
				GCC_C_LANGUAGE_STANDARD = gnu17;
				GCC_DYNAMIC_NO_PIC = NO;
				GCC_NO_COMMON_BLOCKS = YES;
				GCC_OPTIMIZATION_LEVEL = 0;
				GCC_PREPROCESSOR_DEFINITIONS = (
					"DEBUG=1",
					"$(inherited)",
				);
				GCC_WARN_64_TO_32_BIT_CONVERSION = YES;
				GCC_WARN_ABOUT_RETURN_TYPE = YES_ERROR;
				GCC_WARN_UNDECLARED_SELECTOR = YES;
				GCC_WARN_UNINITIALIZED_AUTOS = YES_AGGRESSIVE;
				GCC_WARN_UNUSED_FUNCTION = YES;
				GCC_WARN_UNUSED_VARIABLE = YES;
				IPHONEOS_DEPLOYMENT_TARGET = 17.0;
				LOCALIZATION_PREFERS_STRING_CATALOGS = YES;
				MTL_ENABLE_DEBUG_INFO = INCLUDE_SOURCE;
				MTL_FAST_MATH = YES;
				ONLY_ACTIVE_ARCH = YES;
				SDKROOT = iphoneos;
				SWIFT_ACTIVE_COMPILATION_CONDITIONS = "DEBUG $(inherited)";
				SWIFT_OPTIMIZATION_LEVEL = "-Onone";
			};
			name = Debug;
		};
		C6991E8E2A840619003A5EBA /* Release */ = {
			isa = XCBuildConfiguration;
			buildSettings = {
				ALWAYS_SEARCH_USER_PATHS = NO;
				ASSETCATALOG_COMPILER_GENERATE_SWIFT_ASSET_SYMBOL_EXTENSIONS = YES;
				CLANG_ANALYZER_NONNULL = YES;
				CLANG_ANALYZER_NUMBER_OBJECT_CONVERSION = YES_AGGRESSIVE;
				CLANG_CXX_LANGUAGE_STANDARD = "gnu++20";
				CLANG_ENABLE_MODULES = YES;
				CLANG_ENABLE_OBJC_ARC = YES;
				CLANG_ENABLE_OBJC_WEAK = YES;
				CLANG_WARN_BLOCK_CAPTURE_AUTORELEASING = YES;
				CLANG_WARN_BOOL_CONVERSION = YES;
				CLANG_WARN_COMMA = YES;
				CLANG_WARN_CONSTANT_CONVERSION = YES;
				CLANG_WARN_DEPRECATED_OBJC_IMPLEMENTATIONS = YES;
				CLANG_WARN_DIRECT_OBJC_ISA_USAGE = YES_ERROR;
				CLANG_WARN_DOCUMENTATION_COMMENTS = YES;
				CLANG_WARN_EMPTY_BODY = YES;
				CLANG_WARN_ENUM_CONVERSION = YES;
				CLANG_WARN_INFINITE_RECURSION = YES;
				CLANG_WARN_INT_CONVERSION = YES;
				CLANG_WARN_NON_LITERAL_NULL_CONVERSION = YES;
				CLANG_WARN_OBJC_IMPLICIT_RETAIN_SELF = YES;
				CLANG_WARN_OBJC_LITERAL_CONVERSION = YES;
				CLANG_WARN_OBJC_ROOT_CLASS = YES_ERROR;
				CLANG_WARN_QUOTED_INCLUDE_IN_FRAMEWORK_HEADER = YES;
				CLANG_WARN_RANGE_LOOP_ANALYSIS = YES;
				CLANG_WARN_STRICT_PROTOTYPES = YES;
				CLANG_WARN_SUSPICIOUS_MOVE = YES;
				CLANG_WARN_UNGUARDED_AVAILABILITY = YES_AGGRESSIVE;
				CLANG_WARN_UNREACHABLE_CODE = YES;
				CLANG_WARN__DUPLICATE_METHOD_MATCH = YES;
				COPY_PHASE_STRIP = NO;
				DEBUG_INFORMATION_FORMAT = "dwarf-with-dsym";
				ENABLE_NS_ASSERTIONS = NO;
				ENABLE_STRICT_OBJC_MSGSEND = YES;
				ENABLE_USER_SCRIPT_SANDBOXING = YES;
				GCC_C_LANGUAGE_STANDARD = gnu17;
				GCC_NO_COMMON_BLOCKS = YES;
				GCC_WARN_64_TO_32_BIT_CONVERSION = YES;
				GCC_WARN_ABOUT_RETURN_TYPE = YES_ERROR;
				GCC_WARN_UNDECLARED_SELECTOR = YES;
				GCC_WARN_UNINITIALIZED_AUTOS = YES_AGGRESSIVE;
				GCC_WARN_UNUSED_FUNCTION = YES;
				GCC_WARN_UNUSED_VARIABLE = YES;
				IPHONEOS_DEPLOYMENT_TARGET = 17.0;
				LOCALIZATION_PREFERS_STRING_CATALOGS = YES;
				MTL_ENABLE_DEBUG_INFO = NO;
				MTL_FAST_MATH = YES;
				SDKROOT = iphoneos;
				SWIFT_COMPILATION_MODE = wholemodule;
				VALIDATE_PRODUCT = YES;
			};
			name = Release;
		};
		C6991E902A840619003A5EBA /* Debug */ = {
			isa = XCBuildConfiguration;
			buildSettings = {
				ASSETCATALOG_COMPILER_APPICON_NAME = AppIcon;
				ASSETCATALOG_COMPILER_GLOBAL_ACCENT_COLOR_NAME = AccentColor;
				CODE_SIGN_STYLE = Automatic;
				CURRENT_PROJECT_VERSION = 1;
				DEVELOPMENT_ASSET_PATHS = "\"SwiftDataCourse/Preview Content\"";
				DEVELOPMENT_TEAM = S4D8WSLNV7;
				ENABLE_PREVIEWS = YES;
				GENERATE_INFOPLIST_FILE = YES;
				INFOPLIST_KEY_UIApplicationSceneManifest_Generation = YES;
				INFOPLIST_KEY_UIApplicationSupportsIndirectInputEvents = YES;
				INFOPLIST_KEY_UILaunchScreen_Generation = YES;
				INFOPLIST_KEY_UISupportedInterfaceOrientations_iPad = "UIInterfaceOrientationPortrait UIInterfaceOrientationPortraitUpsideDown UIInterfaceOrientationLandscapeLeft UIInterfaceOrientationLandscapeRight";
				INFOPLIST_KEY_UISupportedInterfaceOrientations_iPhone = "UIInterfaceOrientationPortrait UIInterfaceOrientationLandscapeLeft UIInterfaceOrientationLandscapeRight";
				LD_RUNPATH_SEARCH_PATHS = (
					"$(inherited)",
					"@executable_path/Frameworks",
				);
				MARKETING_VERSION = 1.0;
				PRODUCT_BUNDLE_IDENTIFIER = com.martinstofko.SwiftDataCourse;
				PRODUCT_NAME = "$(TARGET_NAME)";
				SWIFT_EMIT_LOC_STRINGS = YES;
				SWIFT_VERSION = 5.0;
				TARGETED_DEVICE_FAMILY = "1,2";
			};
			name = Debug;
		};
		C6991E912A840619003A5EBA /* Release */ = {
			isa = XCBuildConfiguration;
			buildSettings = {
				ASSETCATALOG_COMPILER_APPICON_NAME = AppIcon;
				ASSETCATALOG_COMPILER_GLOBAL_ACCENT_COLOR_NAME = AccentColor;
				CODE_SIGN_STYLE = Automatic;
				CURRENT_PROJECT_VERSION = 1;
				DEVELOPMENT_ASSET_PATHS = "\"SwiftDataCourse/Preview Content\"";
				DEVELOPMENT_TEAM = S4D8WSLNV7;
				ENABLE_PREVIEWS = YES;
				GENERATE_INFOPLIST_FILE = YES;
				INFOPLIST_KEY_UIApplicationSceneManifest_Generation = YES;
				INFOPLIST_KEY_UIApplicationSupportsIndirectInputEvents = YES;
				INFOPLIST_KEY_UILaunchScreen_Generation = YES;
				INFOPLIST_KEY_UISupportedInterfaceOrientations_iPad = "UIInterfaceOrientationPortrait UIInterfaceOrientationPortraitUpsideDown UIInterfaceOrientationLandscapeLeft UIInterfaceOrientationLandscapeRight";
				INFOPLIST_KEY_UISupportedInterfaceOrientations_iPhone = "UIInterfaceOrientationPortrait UIInterfaceOrientationLandscapeLeft UIInterfaceOrientationLandscapeRight";
				LD_RUNPATH_SEARCH_PATHS = (
					"$(inherited)",
					"@executable_path/Frameworks",
				);
				MARKETING_VERSION = 1.0;
				PRODUCT_BUNDLE_IDENTIFIER = com.martinstofko.SwiftDataCourse;
				PRODUCT_NAME = "$(TARGET_NAME)";
				SWIFT_EMIT_LOC_STRINGS = YES;
				SWIFT_VERSION = 5.0;
				TARGETED_DEVICE_FAMILY = "1,2";
			};
			name = Release;
		};
/* End XCBuildConfiguration section */

/* Begin XCConfigurationList section */
		C6991E7C2A840616003A5EBA /* Build configuration list for PBXProject "SwiftDataCourse" */ = {
			isa = XCConfigurationList;
			buildConfigurations = (
				C6991E8D2A840619003A5EBA /* Debug */,
				C6991E8E2A840619003A5EBA /* Release */,
			);
			defaultConfigurationIsVisible = 0;
			defaultConfigurationName = Release;
		};
		C6991E8F2A840619003A5EBA /* Build configuration list for PBXNativeTarget "SwiftDataCourse" */ = {
			isa = XCConfigurationList;
			buildConfigurations = (
				C6991E902A840619003A5EBA /* Debug */,
				C6991E912A840619003A5EBA /* Release */,
			);
			defaultConfigurationIsVisible = 0;
			defaultConfigurationName = Release;
		};
/* End XCConfigurationList section */
	};
	rootObject = C6991E792A840616003A5EBA /* Project object */;
}
